PODS:
  - lottie-ios (4.5.0)
  - Mantis (2.23.1)
  - SnapKit (5.7.1)

DEPENDENCIES:
  - lottie-ios
  - Mantis
  - SnapKit

SPEC REPOS:
  trunk:
    - lottie-ios
    - Mantis
    - SnapKit

SPEC CHECKSUMS:
  lottie-ios: a881093fab623c467d3bce374367755c272bdd59
  Mantis: fe6907b5287d53c57d9e6b0c791afc0d8f9f0061
  SnapKit: d612e99e678a2d3b95bf60b0705ed0a35c03484a

PODFILE CHECKSUM: 59e52737ce537ac5e66051e44875c59081bdb16f

COCOAPODS: 1.14.3
